
Microsoft Visual Studio Solution File, Format Version 12.00
# Visual Studio Version 16
VisualStudioVersion = 16.0.33214.272
MinimumVisualStudioVersion = 10.0.40219.1
Project("{FAE04EC0-301F-11D3-BF4B-00C04F79EFBC}") = "Mission06_colelevi", "Mission06_colelevi\Mission06_colelevi.csproj", "{4FFE8AE5-41EF-461D-B5C7-C71E8BE21969}"
EndProject
Global
	GlobalSection(SolutionConfigurationPlatforms) = preSolution
		Debug|Any CPU = Debug|Any CPU
		Release|Any CPU = Release|Any CPU
	EndGlobalSection
	GlobalSection(ProjectConfigurationPlatforms) = postSolution
		{4FFE8AE5-41EF-461D-B5C7-C71E8BE21969}.Debug|Any CPU.ActiveCfg = Debug|Any CPU
		{4FFE8AE5-41EF-461D-B5C7-C71E8BE21969}.Debug|Any CPU.Build.0 = Debug|Any CPU
		{4FFE8AE5-41EF-461D-B5C7-C71E8BE21969}.Release|Any CPU.ActiveCfg = Release|Any CPU
		{4FFE8AE5-41EF-461D-B5C7-C71E8BE21969}.Release|Any CPU.Build.0 = Release|Any CPU
	EndGlobalSection
	GlobalSection(SolutionProperties) = preSolution
		HideSolutionNode = FALSE
	EndGlobalSection
	GlobalSection(ExtensibilityGlobals) = postSolution
		SolutionGuid = {79B17E3B-8DBB-4862-89D1-A39CC0FD9CD1}
	EndGlobalSection
EndGlobal
